
Microsoft Visual Studio Solution File, Format Version 12.00
# Visual Studio 15
VisualStudioVersion = 15.0.26430.16
MinimumVisualStudioVersion = 10.0.40219.1
Project("{9A19103F-16F7-4668-BE54-9A1E7A4F7556}") = "DittoWS", "DittoWS\DittoWS.csproj", "{9575B9FA-9960-4992-97EC-6B10C77B5779}"
EndProject
Project("{E24C65DC-7377-472B-9ABA-BC803B73C61A}") = "DittoWeb", "DittoWeb\", "{A314EB01-5B8B-4857-9C17-56A3F0B5E233}"
	ProjectSection(WebsiteProperties) = preProject
		TargetFrameworkMoniker = ".NETFramework,Version%3Dv4.5.2"
		Debug.AspNetCompiler.VirtualPath = "/localhost_1754"
		Debug.AspNetCompiler.PhysicalPath = "DittoWeb\"
		Debug.AspNetCompiler.TargetPath = "PrecompiledWeb\localhost_1754\"
		Debug.AspNetCompiler.Updateable = "true"
		Debug.AspNetCompiler.ForceOverwrite = "true"
		Debug.AspNetCompiler.FixedNames = "false"
		Debug.AspNetCompiler.Debug = "True"
		Release.AspNetCompiler.VirtualPath = "/localhost_1754"
		Release.AspNetCompiler.PhysicalPath = "DittoWeb\"
		Release.AspNetCompiler.TargetPath = "PrecompiledWeb\localhost_1754\"
		Release.AspNetCompiler.Updateable = "true"
		Release.AspNetCompiler.ForceOverwrite = "true"
		Release.AspNetCompiler.FixedNames = "false"
		Release.AspNetCompiler.Debug = "False"
		VWDPort = "1754"
		SlnRelativePath = "DittoWeb\"
		DefaultWebSiteLanguage = "Visual C#"
	EndProjectSection
EndProject
Global
	GlobalSection(SolutionConfigurationPlatforms) = preSolution
		Debug|Any CPU = Debug|Any CPU
		Release|Any CPU = Release|Any CPU
	EndGlobalSection
	GlobalSection(ProjectConfigurationPlatforms) = postSolution
		{9575B9FA-9960-4992-97EC-6B10C77B5779}.Debug|Any CPU.ActiveCfg = Debug|Any CPU
		{9575B9FA-9960-4992-97EC-6B10C77B5779}.Debug|Any CPU.Build.0 = Debug|Any CPU
		{9575B9FA-9960-4992-97EC-6B10C77B5779}.Release|Any CPU.ActiveCfg = Release|Any CPU
		{9575B9FA-9960-4992-97EC-6B10C77B5779}.Release|Any CPU.Build.0 = Release|Any CPU
		{A314EB01-5B8B-4857-9C17-56A3F0B5E233}.Debug|Any CPU.ActiveCfg = Debug|Any CPU
		{A314EB01-5B8B-4857-9C17-56A3F0B5E233}.Debug|Any CPU.Build.0 = Debug|Any CPU
		{A314EB01-5B8B-4857-9C17-56A3F0B5E233}.Release|Any CPU.ActiveCfg = Debug|Any CPU
		{A314EB01-5B8B-4857-9C17-56A3F0B5E233}.Release|Any CPU.Build.0 = Debug|Any CPU
	EndGlobalSection
	GlobalSection(SolutionProperties) = preSolution
		HideSolutionNode = FALSE
	EndGlobalSection
EndGlobal
